{
    "_readme": [
        "This file locks the dependencies of your project to a known state",
        "Read more about it at https://getcomposer.org/doc/01-basic-usage.md#installing-dependencies",
        "This file is @generated automatically"
    ],
    "content-hash": "57d2f333630283568ab91b6f159e1064",
    "packages": [
        {
            "name": "enqueue/dsn",
            "version": "0.10.8",
            "source": {
                "type": "git",
                "url": "https://github.com/php-enqueue/dsn.git",
                "reference": "729fabaae6b24189d14598033b174bd72e825e9a"
            },
            "dist": {
                "type": "zip",
                "url": "https://api.github.com/repos/php-enqueue/dsn/zipball/729fabaae6b24189d14598033b174bd72e825e9a",
                "reference": "729fabaae6b24189d14598033b174bd72e825e9a",
                "shasum": ""
            },
            "require": {
                "php": "^7.3|^8.0"
            },
            "require-dev": {
                "phpunit/phpunit": "^9.5"
            },
            "type": "library",
            "extra": {
                "branch-alias": {
                    "dev-master": "0.10.x-dev"
                }
            },
            "autoload": {
                "psr-4": {
                    "Enqueue\\Dsn\\": ""
                },
                "exclude-from-classmap": [
                    "/Tests/"
                ]
            },
            "notification-url": "https://packagist.org/downloads/",
            "license": [
                "MIT"
            ],
            "description": "Parse DSN",
            "homepage": "https://enqueue.forma-pro.com/",
            "keywords": [
                "dsn",
                "parse"
            ],
            "support": {
                "docs": "https://github.com/php-enqueue/enqueue-dev/blob/master/docs/index.md",
                "email": "opensource@forma-pro.com",
                "forum": "https://gitter.im/php-enqueue/Lobby",
                "issues": "https://github.com/php-enqueue/enqueue-dev/issues",
                "source": "https://github.com/php-enqueue/enqueue-dev"
            },
            "time": "2021-02-09T12:01:28+00:00"
        },
        {
            "name": "enqueue/fs",
            "version": "0.10.16",
            "source": {
                "type": "git",
                "url": "https://github.com/php-enqueue/fs.git",
                "reference": "74c26477130ad69376c9b4dabbceaa462063c8fe"
            },
            "dist": {
                "type": "zip",
                "url": "https://api.github.com/repos/php-enqueue/fs/zipball/74c26477130ad69376c9b4dabbceaa462063c8fe",
                "reference": "74c26477130ad69376c9b4dabbceaa462063c8fe",
                "shasum": ""
            },
            "require": {
                "enqueue/dsn": "^0.10",
                "makasim/temp-file": "^0.2@stable",
                "php": "^7.3|^8.0",
                "queue-interop/queue-interop": "^0.8",
                "symfony/filesystem": "^5.1|^6.0"
            },
            "require-dev": {
                "enqueue/null": "0.10.x-dev",
                "enqueue/test": "0.10.x-dev",
                "phpunit/phpunit": "^9.5",
                "queue-interop/queue-spec": "^0.6.2",
                "symfony/dependency-injection": "^5.1|^6.0",
                "symfony/yaml": "^5.1|^6.0"
            },
            "type": "library",
            "extra": {
                "branch-alias": {
                    "dev-master": "0.10.x-dev"
                }
            },
            "autoload": {
                "psr-4": {
                    "Enqueue\\Fs\\": ""
                },
                "exclude-from-classmap": [
                    "/Tests/"
                ]
            },
            "notification-url": "https://packagist.org/downloads/",
            "license": [
                "MIT"
            ],
            "description": "Enqueue Filesystem based transport",
            "homepage": "https://enqueue.forma-pro.com/",
            "keywords": [
                "filesystem",
                "local",
                "messaging",
                "queue"
            ],
            "support": {
                "docs": "https://github.com/php-enqueue/enqueue-dev/blob/master/docs/index.md",
                "email": "opensource@forma-pro.com",
                "forum": "https://gitter.im/php-enqueue/Lobby",
                "issues": "https://github.com/php-enqueue/enqueue-dev/issues",
                "source": "https://github.com/php-enqueue/enqueue-dev"
            },
            "time": "2022-02-16T11:14:49+00:00"
        },
        {
            "name": "fordnox/php-queue-manager",
            "version": "0.3",
            "source": {
                "type": "git",
                "url": "https://github.com/fordnox/php-queue-manager.git",
                "reference": "68f8918a367e672eea1d95a98e3f5a82f20724f9"
            },
            "dist": {
                "type": "zip",
                "url": "https://api.github.com/repos/fordnox/php-queue-manager/zipball/68f8918a367e672eea1d95a98e3f5a82f20724f9",
                "reference": "68f8918a367e672eea1d95a98e3f5a82f20724f9",
                "shasum": ""
            },
            "require": {
                "ext-pdo": "*",
                "php": ">=5.3.0"
            },
            "require-dev": {
                "phpunit/phpunit": "4.1.1"
            },
            "type": "library",
            "autoload": {
                "psr-4": {
                    "Queue\\": "./Queue",
                    "QueueExample\\": "./QueueExample"
                }
            },
            "notification-url": "https://packagist.org/downloads/",
            "license": [
                "MIT"
            ],
            "description": "PHP Queue with database backend. Use sqlite, mysql, postgres database",
            "homepage": "http://github.com/fordnox/php-queue-manager",
            "keywords": [
                "batch",
                "batch processing",
                "bulk mailer",
                "executor",
                "manager",
                "mass mailer",
                "queue",
                "task",
                "worker"
            ],
            "support": {
                "issues": "https://github.com/fordnox/php-queue-manager/issues",
                "source": "https://github.com/fordnox/php-queue-manager/tree/master"
            },
            "time": "2015-11-04T19:10:31+00:00"
        },
        {
            "name": "makasim/temp-file",
            "version": "0.2.0",
            "source": {
                "type": "git",
                "url": "https://github.com/makasim/TempFile.git",
                "reference": "e9cfbfc61a23044aeb2fe0a3db49aeec2f84ca27"
            },
            "dist": {
                "type": "zip",
                "url": "https://api.github.com/repos/makasim/TempFile/zipball/e9cfbfc61a23044aeb2fe0a3db49aeec2f84ca27",
                "reference": "e9cfbfc61a23044aeb2fe0a3db49aeec2f84ca27",
                "shasum": ""
            },
            "require": {
                "php": ">=5.3.2"
            },
            "type": "library",
            "autoload": {
                "psr-0": {
                    "Makasim": "src/"
                }
            },
            "notification-url": "https://packagist.org/downloads/",
            "license": [
                "MIT"
            ],
            "authors": [
                {
                    "name": "Maksim Kotlyar",
                    "email": "kotlyar.maksim@gmail.com"
                }
            ],
            "description": "Temp file object",
            "homepage": "https://github.com/makasim/TempFile",
            "keywords": [
                "file",
                "temp",
                "temp file"
            ],
            "support": {
                "issues": "https://github.com/makasim/TempFile/issues",
                "source": "https://github.com/makasim/TempFile/tree/master"
            },
            "time": "2013-07-12T06:09:04+00:00"
        },
        {
            "name": "maximebf/debugbar",
            "version": "v1.18.2",
            "source": {
                "type": "git",
                "url": "https://github.com/maximebf/php-debugbar.git",
                "reference": "17dcf3f6ed112bb85a37cf13538fd8de49f5c274"
            },
            "dist": {
                "type": "zip",
                "url": "https://api.github.com/repos/maximebf/php-debugbar/zipball/17dcf3f6ed112bb85a37cf13538fd8de49f5c274",
                "reference": "17dcf3f6ed112bb85a37cf13538fd8de49f5c274",
                "shasum": ""
            },
            "require": {
                "php": "^7.1|^8",
                "psr/log": "^1|^2|^3",
                "symfony/var-dumper": "^4|^5|^6"
            },
            "require-dev": {
                "phpunit/phpunit": ">=7.5.20 <10.0",
                "twig/twig": "^1.38|^2.7|^3.0"
            },
            "suggest": {
                "kriswallsmith/assetic": "The best way to manage assets",
                "monolog/monolog": "Log using Monolog",
                "predis/predis": "Redis storage"
            },
            "type": "library",
            "extra": {
                "branch-alias": {
                    "dev-master": "1.18-dev"
                }
            },
            "autoload": {
                "psr-4": {
                    "DebugBar\\": "src/DebugBar/"
                }
            },
            "notification-url": "https://packagist.org/downloads/",
            "license": [
                "MIT"
            ],
            "authors": [
                {
                    "name": "Maxime Bouroumeau-Fuseau",
                    "email": "maxime.bouroumeau@gmail.com",
                    "homepage": "http://maximebf.com"
                },
                {
                    "name": "Barry vd. Heuvel",
                    "email": "barryvdh@gmail.com"
                }
            ],
            "description": "Debug bar in the browser for php application",
            "homepage": "https://github.com/maximebf/php-debugbar",
            "keywords": [
                "debug",
                "debugbar"
            ],
            "support": {
                "issues": "https://github.com/maximebf/php-debugbar/issues",
                "source": "https://github.com/maximebf/php-debugbar/tree/v1.18.2"
            },
            "time": "2023-02-04T15:27:00+00:00"
        },
        {
            "name": "mobiledetect/mobiledetectlib",
            "version": "3.74.0",
            "source": {
                "type": "git",
                "url": "https://github.com/serbanghita/Mobile-Detect.git",
                "reference": "812a4aa4605c63fc33d7fe32ca82f29275940b9d"
            },
            "dist": {
                "type": "zip",
                "url": "https://api.github.com/repos/serbanghita/Mobile-Detect/zipball/812a4aa4605c63fc33d7fe32ca82f29275940b9d",
                "reference": "812a4aa4605c63fc33d7fe32ca82f29275940b9d",
                "shasum": ""
            },
            "require": {
                "php": ">=7.4"
            },
            "require-dev": {
                "friendsofphp/php-cs-fixer": "v2.19.3",
                "phpunit/phpunit": "^7.0.0",
                "squizlabs/php_codesniffer": "3.*"
            },
            "type": "library",
            "autoload": {
                "psr-4": {
                    "Detection\\": "src/"
                },
                "classmap": [
                    "src/MobileDetect.php"
                ]
            },
            "notification-url": "https://packagist.org/downloads/",
            "license": [
                "MIT"
            ],
            "authors": [
                {
                    "name": "Serban Ghita",
                    "email": "serbanghita@gmail.com",
                    "homepage": "http://mobiledetect.net",
                    "role": "Developer"
                }
            ],
            "description": "Mobile_Detect is a lightweight PHP class for detecting mobile devices. It uses the User-Agent string combined with specific HTTP headers to detect the mobile environment.",
            "homepage": "https://github.com/serbanghita/Mobile-Detect",
            "keywords": [
                "detect mobile devices",
                "mobile",
                "mobile detect",
                "mobile detector",
                "php mobile detect"
            ],
            "support": {
                "issues": "https://github.com/serbanghita/Mobile-Detect/issues",
                "source": "https://github.com/serbanghita/Mobile-Detect/tree/3.74.0"
            },
            "time": "2022-12-04T15:37:32+00:00"
        },
        {
            "name": "monolog/monolog",
            "version": "3.3.1",
            "source": {
                "type": "git",
                "url": "https://github.com/Seldaek/monolog.git",
                "reference": "9b5daeaffce5b926cac47923798bba91059e60e2"
            },
            "dist": {
                "type": "zip",
                "url": "https://api.github.com/repos/Seldaek/monolog/zipball/9b5daeaffce5b926cac47923798bba91059e60e2",
                "reference": "9b5daeaffce5b926cac47923798bba91059e60e2",
                "shasum": ""
            },
            "require": {
                "php": ">=8.1",
                "psr/log": "^2.0 || ^3.0"
            },
            "provide": {
                "psr/log-implementation": "3.0.0"
            },
            "require-dev": {
                "aws/aws-sdk-php": "^3.0",
                "doctrine/couchdb": "~1.0@dev",
                "elasticsearch/elasticsearch": "^7 || ^8",
                "ext-json": "*",
                "graylog2/gelf-php": "^1.4.2 || ^2@dev",
                "guzzlehttp/guzzle": "^7.4.5",
                "guzzlehttp/psr7": "^2.2",
                "mongodb/mongodb": "^1.8",
                "php-amqplib/php-amqplib": "~2.4 || ^3",
                "phpstan/phpstan": "^1.9",
                "phpstan/phpstan-deprecation-rules": "^1.0",
                "phpstan/phpstan-strict-rules": "^1.4",
                "phpunit/phpunit": "^9.5.26",
                "predis/predis": "^1.1 || ^2",
                "ruflin/elastica": "^7",
                "symfony/mailer": "^5.4 || ^6",
                "symfony/mime": "^5.4 || ^6"
            },
            "suggest": {
                "aws/aws-sdk-php": "Allow sending log messages to AWS services like DynamoDB",
                "doctrine/couchdb": "Allow sending log messages to a CouchDB server",
                "elasticsearch/elasticsearch": "Allow sending log messages to an Elasticsearch server via official client",
                "ext-amqp": "Allow sending log messages to an AMQP server (1.0+ required)",
                "ext-curl": "Required to send log messages using the IFTTTHandler, the LogglyHandler, the SendGridHandler, the SlackWebhookHandler or the TelegramBotHandler",
                "ext-mbstring": "Allow to work properly with unicode symbols",
                "ext-mongodb": "Allow sending log messages to a MongoDB server (via driver)",
                "ext-openssl": "Required to send log messages using SSL",
                "ext-sockets": "Allow sending log messages to a Syslog server (via UDP driver)",
                "graylog2/gelf-php": "Allow sending log messages to a GrayLog2 server",
                "mongodb/mongodb": "Allow sending log messages to a MongoDB server (via library)",
                "php-amqplib/php-amqplib": "Allow sending log messages to an AMQP server using php-amqplib",
                "rollbar/rollbar": "Allow sending log messages to Rollbar",
                "ruflin/elastica": "Allow sending log messages to an Elastic Search server"
            },
            "type": "library",
            "extra": {
                "branch-alias": {
                    "dev-main": "3.x-dev"
                }
            },
            "autoload": {
                "psr-4": {
                    "Monolog\\": "src/Monolog"
                }
            },
            "notification-url": "https://packagist.org/downloads/",
            "license": [
                "MIT"
            ],
            "authors": [
                {
                    "name": "Jordi Boggiano",
                    "email": "j.boggiano@seld.be",
                    "homepage": "https://seld.be"
                }
            ],
            "description": "Sends your logs to files, sockets, inboxes, databases and various web services",
            "homepage": "https://github.com/Seldaek/monolog",
            "keywords": [
                "log",
                "logging",
                "psr-3"
            ],
            "support": {
                "issues": "https://github.com/Seldaek/monolog/issues",
                "source": "https://github.com/Seldaek/monolog/tree/3.3.1"
            },
            "funding": [
                {
                    "url": "https://github.com/Seldaek",
                    "type": "github"
                },
                {
                    "url": "https://tidelift.com/funding/github/packagist/monolog/monolog",
                    "type": "tidelift"
                }
            ],
            "time": "2023-02-06T13:46:10+00:00"
        },
        {
            "name": "psr/log",
            "version": "3.0.0",
            "source": {
                "type": "git",
                "url": "https://github.com/php-fig/log.git",
                "reference": "fe5ea303b0887d5caefd3d431c3e61ad47037001"
            },
            "dist": {
                "type": "zip",
                "url": "https://api.github.com/repos/php-fig/log/zipball/fe5ea303b0887d5caefd3d431c3e61ad47037001",
                "reference": "fe5ea303b0887d5caefd3d431c3e61ad47037001",
                "shasum": ""
            },
            "require": {
                "php": ">=8.0.0"
            },
            "type": "library",
            "extra": {
                "branch-alias": {
                    "dev-master": "3.x-dev"
                }
            },
            "autoload": {
                "psr-4": {
                    "Psr\\Log\\": "src"
                }
            },
            "notification-url": "https://packagist.org/downloads/",
            "license": [
                "MIT"
            ],
            "authors": [
                {
                    "name": "PHP-FIG",
                    "homepage": "https://www.php-fig.org/"
                }
            ],
            "description": "Common interface for logging libraries",
            "homepage": "https://github.com/php-fig/log",
            "keywords": [
                "log",
                "psr",
                "psr-3"
            ],
            "support": {
                "source": "https://github.com/php-fig/log/tree/3.0.0"
            },
            "time": "2021-07-14T16:46:02+00:00"
        },
        {
            "name": "queue-interop/queue-interop",
            "version": "0.8.1",
            "source": {
                "type": "git",
                "url": "https://github.com/queue-interop/queue-interop.git",
                "reference": "117043fd38490f8b5516622cd4b697b33a89ce2b"
            },
            "dist": {
                "type": "zip",
                "url": "https://api.github.com/repos/queue-interop/queue-interop/zipball/117043fd38490f8b5516622cd4b697b33a89ce2b",
                "reference": "117043fd38490f8b5516622cd4b697b33a89ce2b",
                "shasum": ""
            },
            "require": {
                "php": "^7.1.3 || ^8.0"
            },
            "require-dev": {
                "phpunit/phpunit": "^5.5 || ^6.0 || ^7.0 || ^8.0 || ^9.0",
                "queue-interop/queue-spec": "^0.6@dev"
            },
            "type": "library",
            "extra": {
                "branch-alias": {
                    "dev-master": "0.7-dev"
                }
            },
            "autoload": {
                "psr-4": {
                    "Interop\\Queue\\": "src/"
                }
            },
            "notification-url": "https://packagist.org/downloads/",
            "license": [
                "MIT"
            ],
            "description": "Promoting the interoperability of MQs objects. Based on Java JMS",
            "homepage": "https://github.com/queue-interop/queue-interop",
            "keywords": [
                "MQ",
                "jms",
                "message queue",
                "messaging",
                "queue"
            ],
            "support": {
                "issues": "https://github.com/queue-interop/queue-interop/issues",
                "source": "https://github.com/queue-interop/queue-interop/tree/0.8.1"
            },
            "time": "2020-12-21T13:14:51+00:00"
        },
        {
            "name": "symfony/filesystem",
            "version": "v6.2.5",
            "source": {
                "type": "git",
                "url": "https://github.com/symfony/filesystem.git",
                "reference": "e59e8a4006afd7f5654786a83b4fcb8da98f4593"
            },
            "dist": {
                "type": "zip",
                "url": "https://api.github.com/repos/symfony/filesystem/zipball/e59e8a4006afd7f5654786a83b4fcb8da98f4593",
                "reference": "e59e8a4006afd7f5654786a83b4fcb8da98f4593",
                "shasum": ""
            },
            "require": {
                "php": ">=8.1",
                "symfony/polyfill-ctype": "~1.8",
                "symfony/polyfill-mbstring": "~1.8"
            },
            "type": "library",
            "autoload": {
                "psr-4": {
                    "Symfony\\Component\\Filesystem\\": ""
                },
                "exclude-from-classmap": [
                    "/Tests/"
                ]
            },
            "notification-url": "https://packagist.org/downloads/",
            "license": [
                "MIT"
            ],
            "authors": [
                {
                    "name": "Fabien Potencier",
                    "email": "fabien@symfony.com"
                },
                {
                    "name": "Symfony Community",
                    "homepage": "https://symfony.com/contributors"
                }
            ],
            "description": "Provides basic utilities for the filesystem",
            "homepage": "https://symfony.com",
            "support": {
                "source": "https://github.com/symfony/filesystem/tree/v6.2.5"
            },
            "funding": [
                {
                    "url": "https://symfony.com/sponsor",
                    "type": "custom"
                },
                {
                    "url": "https://github.com/fabpot",
                    "type": "github"
                },
                {
                    "url": "https://tidelift.com/funding/github/packagist/symfony/symfony",
                    "type": "tidelift"
                }
            ],
            "time": "2023-01-20T17:45:48+00:00"
        },
        {
            "name": "symfony/polyfill-ctype",
            "version": "v1.27.0",
            "source": {
                "type": "git",
                "url": "https://github.com/symfony/polyfill-ctype.git",
                "reference": "5bbc823adecdae860bb64756d639ecfec17b050a"
            },
            "dist": {
                "type": "zip",
                "url": "https://api.github.com/repos/symfony/polyfill-ctype/zipball/5bbc823adecdae860bb64756d639ecfec17b050a",
                "reference": "5bbc823adecdae860bb64756d639ecfec17b050a",
                "shasum": ""
            },
            "require": {
                "php": ">=7.1"
            },
            "provide": {
                "ext-ctype": "*"
            },
            "suggest": {
                "ext-ctype": "For best performance"
            },
            "type": "library",
            "extra": {
                "branch-alias": {
                    "dev-main": "1.27-dev"
                },
                "thanks": {
                    "name": "symfony/polyfill",
                    "url": "https://github.com/symfony/polyfill"
                }
            },
            "autoload": {
                "files": [
                    "bootstrap.php"
                ],
                "psr-4": {
                    "Symfony\\Polyfill\\Ctype\\": ""
                }
            },
            "notification-url": "https://packagist.org/downloads/",
            "license": [
                "MIT"
            ],
            "authors": [
                {
                    "name": "Gert de Pagter",
                    "email": "BackEndTea@gmail.com"
                },
                {
                    "name": "Symfony Community",
                    "homepage": "https://symfony.com/contributors"
                }
            ],
            "description": "Symfony polyfill for ctype functions",
            "homepage": "https://symfony.com",
            "keywords": [
                "compatibility",
                "ctype",
                "polyfill",
                "portable"
            ],
            "support": {
                "source": "https://github.com/symfony/polyfill-ctype/tree/v1.27.0"
            },
            "funding": [
                {
                    "url": "https://symfony.com/sponsor",
                    "type": "custom"
                },
                {
                    "url": "https://github.com/fabpot",
                    "type": "github"
                },
                {
                    "url": "https://tidelift.com/funding/github/packagist/symfony/symfony",
                    "type": "tidelift"
                }
            ],
            "time": "2022-11-03T14:55:06+00:00"
        },
        {
            "name": "symfony/polyfill-mbstring",
            "version": "v1.27.0",
            "source": {
                "type": "git",
                "url": "https://github.com/symfony/polyfill-mbstring.git",
                "reference": "8ad114f6b39e2c98a8b0e3bd907732c207c2b534"
            },
            "dist": {
                "type": "zip",
                "url": "https://api.github.com/repos/symfony/polyfill-mbstring/zipball/8ad114f6b39e2c98a8b0e3bd907732c207c2b534",
                "reference": "8ad114f6b39e2c98a8b0e3bd907732c207c2b534",
                "shasum": ""
            },
            "require": {
                "php": ">=7.1"
            },
            "provide": {
                "ext-mbstring": "*"
            },
            "suggest": {
                "ext-mbstring": "For best performance"
            },
            "type": "library",
            "extra": {
                "branch-alias": {
                    "dev-main": "1.27-dev"
                },
                "thanks": {
                    "name": "symfony/polyfill",
                    "url": "https://github.com/symfony/polyfill"
                }
            },
            "autoload": {
                "files": [
                    "bootstrap.php"
                ],
                "psr-4": {
                    "Symfony\\Polyfill\\Mbstring\\": ""
                }
            },
            "notification-url": "https://packagist.org/downloads/",
            "license": [
                "MIT"
            ],
            "authors": [
                {
                    "name": "Nicolas Grekas",
                    "email": "p@tchwork.com"
                },
                {
                    "name": "Symfony Community",
                    "homepage": "https://symfony.com/contributors"
                }
            ],
            "description": "Symfony polyfill for the Mbstring extension",
            "homepage": "https://symfony.com",
            "keywords": [
                "compatibility",
                "mbstring",
                "polyfill",
                "portable",
                "shim"
            ],
            "support": {
                "source": "https://github.com/symfony/polyfill-mbstring/tree/v1.27.0"
            },
            "funding": [
                {
                    "url": "https://symfony.com/sponsor",
                    "type": "custom"
                },
                {
                    "url": "https://github.com/fabpot",
                    "type": "github"
                },
                {
                    "url": "https://tidelift.com/funding/github/packagist/symfony/symfony",
                    "type": "tidelift"
                }
            ],
            "time": "2022-11-03T14:55:06+00:00"
        },
        {
            "name": "symfony/var-dumper",
            "version": "v6.2.5",
            "source": {
                "type": "git",
                "url": "https://github.com/symfony/var-dumper.git",
                "reference": "44b7b81749fd20c1bdf4946c041050e22bc8da27"
            },
            "dist": {
                "type": "zip",
                "url": "https://api.github.com/repos/symfony/var-dumper/zipball/44b7b81749fd20c1bdf4946c041050e22bc8da27",
                "reference": "44b7b81749fd20c1bdf4946c041050e22bc8da27",
                "shasum": ""
            },
            "require": {
                "php": ">=8.1",
                "symfony/polyfill-mbstring": "~1.0"
            },
            "conflict": {
                "phpunit/phpunit": "<5.4.3",
                "symfony/console": "<5.4"
            },
            "require-dev": {
                "ext-iconv": "*",
                "symfony/console": "^5.4|^6.0",
                "symfony/process": "^5.4|^6.0",
                "symfony/uid": "^5.4|^6.0",
                "twig/twig": "^2.13|^3.0.4"
            },
            "suggest": {
                "ext-iconv": "To convert non-UTF-8 strings to UTF-8 (or symfony/polyfill-iconv in case ext-iconv cannot be used).",
                "ext-intl": "To show region name in time zone dump",
                "symfony/console": "To use the ServerDumpCommand and/or the bin/var-dump-server script"
            },
            "bin": [
                "Resources/bin/var-dump-server"
            ],
            "type": "library",
            "autoload": {
                "files": [
                    "Resources/functions/dump.php"
                ],
                "psr-4": {
                    "Symfony\\Component\\VarDumper\\": ""
                },
                "exclude-from-classmap": [
                    "/Tests/"
                ]
            },
            "notification-url": "https://packagist.org/downloads/",
            "license": [
                "MIT"
            ],
            "authors": [
                {
                    "name": "Nicolas Grekas",
                    "email": "p@tchwork.com"
                },
                {
                    "name": "Symfony Community",
                    "homepage": "https://symfony.com/contributors"
                }
            ],
            "description": "Provides mechanisms for walking through any arbitrary PHP variable",
            "homepage": "https://symfony.com",
            "keywords": [
                "debug",
                "dump"
            ],
            "support": {
                "source": "https://github.com/symfony/var-dumper/tree/v6.2.5"
            },
            "funding": [
                {
                    "url": "https://symfony.com/sponsor",
                    "type": "custom"
                },
                {
                    "url": "https://github.com/fabpot",
                    "type": "github"
                },
                {
                    "url": "https://tidelift.com/funding/github/packagist/symfony/symfony",
                    "type": "tidelift"
                }
            ],
            "time": "2023-01-20T17:45:48+00:00"
        }
    ],
    "packages-dev": [],
    "aliases": [],
    "minimum-stability": "stable",
    "stability-flags": [],
    "prefer-stable": false,
    "prefer-lowest": false,
    "platform": [],
    "platform-dev": [],
    "plugin-api-version": "2.3.0"
}
